
Microsoft Visual Studio Solution File, Format Version 12.00
# Visual Studio Version 17
VisualStudioVersion = 17.2.32616.157
MinimumVisualStudioVersion = 10.0.40219.1
Project("{2150E333-8FDC-42A3-9474-1A3956D46DE8}") = "Apps", "Apps", "{A74E9942-938D-4A63-8CB5-EF2A78867BE9}"
EndProject
Project("{9A19103F-16F7-4668-BE54-9A1E7A4F7556}") = "BeneficiaryAPI", "Apps\BeneficiaryAPI\BeneficiaryAPI.csproj", "{7515EA2C-331F-4830-9DD7-5AC48FC555D1}"
EndProject
Project("{9A19103F-16F7-4668-BE54-9A1E7A4F7556}") = "FinancialInstituteAPI", "Apps\FinancialInstituteAPI\FinancialInstituteAPI.csproj", "{8E7DA73D-0BC0-4BAC-A327-34F54DD3222D}"
EndProject
Project("{2150E333-8FDC-42A3-9474-1A3956D46DE8}") = "Libraries", "Libraries", "{BF73597C-6932-45D3-AF89-5C061E74DB92}"
EndProject
Project("{9A19103F-16F7-4668-BE54-9A1E7A4F7556}") = "PeasieAPI", "Apps\PeasieAPI\PeasieAPI.csproj", "{5509000B-041A-4624-8B33-38F0DB96E830}"
EndProject
Project("{9A19103F-16F7-4668-BE54-9A1E7A4F7556}") = "PeasieLib", "Libraries\PeasieLib\PeasieLib.csproj", "{585EFF4D-E1F4-432B-A0CA-44EB30918D7C}"
EndProject
Project("{9A19103F-16F7-4668-BE54-9A1E7A4F7556}") = "Peasie.Contracts", "Libraries\Peasie.Contracts\Peasie.Contracts.csproj", "{704A64B1-E6F5-4ABB-921C-A8DF77DA5366}"
EndProject
Project("{9A19103F-16F7-4668-BE54-9A1E7A4F7556}") = "Peasie.Identity.App", "Apps\Peasie.Identity.App\Peasie.Identity.App.csproj", "{9215030A-8BA7-4EF6-B6EC-2EB25413C142}"
EndProject
Project("{2150E333-8FDC-42A3-9474-1A3956D46DE8}") = "Solution Items", "Solution Items", "{BF3C2127-4259-4707-8D01-4344F0FAF9CC}"
	ProjectSection(SolutionItems) = preProject
		Introduction.md = Introduction.md
		vic.txt = vic.txt
	EndProjectSection
EndProject
Project("{9A19103F-16F7-4668-BE54-9A1E7A4F7556}") = "LettuceEncryptForReal", "Libraries\LettuceEncryptForReal\LettuceEncryptForReal.csproj", "{8E536B4D-3E36-41D7-85AF-B8CFF0658F98}"
EndProject
Project("{2150E333-8FDC-42A3-9474-1A3956D46DE8}") = "Nestrix", "Nestrix", "{AB26734C-86A3-421D-BEEA-795B9D4B505E}"
EndProject
Project("{2150E333-8FDC-42A3-9474-1A3956D46DE8}") = "Magazaki", "Magazaki", "{21CECCAB-A79F-454B-A59B-1B7153D36B5D}"
EndProject
Project("{9A19103F-16F7-4668-BE54-9A1E7A4F7556}") = "Model", "Nestrix\Libraries\Model\Model.csproj", "{7B59B46D-6459-418F-8AD4-B072B1BC7A15}"
EndProject
Project("{9A19103F-16F7-4668-BE54-9A1E7A4F7556}") = "Business", "Nestrix\Libraries\Business\Business.csproj", "{6D8B37D3-7973-41C9-A3DC-3745268EC47D}"
EndProject
Project("{2150E333-8FDC-42A3-9474-1A3956D46DE8}") = "Nestrix", "Nestrix", "{D4C0E00D-2BF6-4F0C-8EF7-2D41BE8F0BA7}"
EndProject
Project("{9A19103F-16F7-4668-BE54-9A1E7A4F7556}") = "BankingRestAPI", "Nestrix\Apps\REST\BankingRestAPI.csproj", "{C51ECF1B-4AD2-4BE4-BEE3-5F5D2C37D424}"
EndProject
Project("{9A19103F-16F7-4668-BE54-9A1E7A4F7556}") = "WebshopApi.Infrastructure", "Magazaki\Libraries\WebshopApi.Infrastructure\WebshopApi.Infrastructure.csproj", "{9CD22E73-3E99-4550-98AE-074734A8AE65}"
EndProject
Project("{9A19103F-16F7-4668-BE54-9A1E7A4F7556}") = "WebshopApi.Domain", "Magazaki\Libraries\WebshopApi.Domain\WebshopApi.Domain.csproj", "{7B410056-A088-4512-94C6-F06DD0173641}"
EndProject
Project("{2150E333-8FDC-42A3-9474-1A3956D46DE8}") = "Peasie", "Peasie", "{71CA2008-153F-4996-8A06-AB37FE41285D}"
EndProject
Project("{2150E333-8FDC-42A3-9474-1A3956D46DE8}") = "Magazaki", "Magazaki", "{7C8473B4-9CAB-452E-BB71-396227876A72}"
EndProject
Project("{9A19103F-16F7-4668-BE54-9A1E7A4F7556}") = "WebshopApi.Presentation", "Magazaki\Apps\WebShopApi.Presentation\WebshopApi.Presentation.csproj", "{A8B180EB-3FBF-46DE-9EA7-57C6C6EC8F54}"
EndProject
Project("{9A19103F-16F7-4668-BE54-9A1E7A4F7556}") = "WebshopApi.REST", "Magazaki\Libraries\WebshopApi.REST\WebshopApi.REST.csproj", "{F1E4E390-5B88-41BD-BA92-614E17B29E15}"
EndProject
Project("{2150E333-8FDC-42A3-9474-1A3956D46DE8}") = "Database", "Database", "{7C347975-1397-4F0F-907A-AE9AD8A4F290}"
	ProjectSection(SolutionItems) = preProject
		Database\magazakidb.sql = Database\magazakidb.sql
		Database\nestrixdb.sql = Database\nestrixdb.sql
		Database\peasieidentitydb.sql = Database\peasieidentitydb.sql
	EndProjectSection
EndProject
Project("{54A90642-561A-4BB1-A94E-469ADEE60C69}") = "colruyt.react.app", "Magazaki\Apps\colruyt.react.app\colruyt.react.app.esproj", "{4FC30BCE-C361-46D1-B548-F2002997EE9F}"
EndProject
Project("{54A90642-561A-4BB1-A94E-469ADEE60C69}") = "delhaize.react.app", "Magazaki\Apps\delhaize.react.app\delhaize.react.app.esproj", "{C3DCCC6B-BDF2-40A6-A668-1BF640CE15A2}"
EndProject
Global
	GlobalSection(SolutionConfigurationPlatforms) = preSolution
		Debug|Any CPU = Debug|Any CPU
		Release|Any CPU = Release|Any CPU
	EndGlobalSection
	GlobalSection(ProjectConfigurationPlatforms) = postSolution
		{7515EA2C-331F-4830-9DD7-5AC48FC555D1}.Debug|Any CPU.ActiveCfg = Debug|Any CPU
		{7515EA2C-331F-4830-9DD7-5AC48FC555D1}.Debug|Any CPU.Build.0 = Debug|Any CPU
		{7515EA2C-331F-4830-9DD7-5AC48FC555D1}.Release|Any CPU.ActiveCfg = Release|Any CPU
		{7515EA2C-331F-4830-9DD7-5AC48FC555D1}.Release|Any CPU.Build.0 = Release|Any CPU
		{8E7DA73D-0BC0-4BAC-A327-34F54DD3222D}.Debug|Any CPU.ActiveCfg = Debug|Any CPU
		{8E7DA73D-0BC0-4BAC-A327-34F54DD3222D}.Debug|Any CPU.Build.0 = Debug|Any CPU
		{8E7DA73D-0BC0-4BAC-A327-34F54DD3222D}.Release|Any CPU.ActiveCfg = Release|Any CPU
		{8E7DA73D-0BC0-4BAC-A327-34F54DD3222D}.Release|Any CPU.Build.0 = Release|Any CPU
		{5509000B-041A-4624-8B33-38F0DB96E830}.Debug|Any CPU.ActiveCfg = Debug|Any CPU
		{5509000B-041A-4624-8B33-38F0DB96E830}.Debug|Any CPU.Build.0 = Debug|Any CPU
		{5509000B-041A-4624-8B33-38F0DB96E830}.Release|Any CPU.ActiveCfg = Release|Any CPU
		{5509000B-041A-4624-8B33-38F0DB96E830}.Release|Any CPU.Build.0 = Release|Any CPU
		{585EFF4D-E1F4-432B-A0CA-44EB30918D7C}.Debug|Any CPU.ActiveCfg = Debug|Any CPU
		{585EFF4D-E1F4-432B-A0CA-44EB30918D7C}.Debug|Any CPU.Build.0 = Debug|Any CPU
		{585EFF4D-E1F4-432B-A0CA-44EB30918D7C}.Release|Any CPU.ActiveCfg = Release|Any CPU
		{585EFF4D-E1F4-432B-A0CA-44EB30918D7C}.Release|Any CPU.Build.0 = Release|Any CPU
		{704A64B1-E6F5-4ABB-921C-A8DF77DA5366}.Debug|Any CPU.ActiveCfg = Debug|Any CPU
		{704A64B1-E6F5-4ABB-921C-A8DF77DA5366}.Debug|Any CPU.Build.0 = Debug|Any CPU
		{704A64B1-E6F5-4ABB-921C-A8DF77DA5366}.Release|Any CPU.ActiveCfg = Release|Any CPU
		{704A64B1-E6F5-4ABB-921C-A8DF77DA5366}.Release|Any CPU.Build.0 = Release|Any CPU
		{9215030A-8BA7-4EF6-B6EC-2EB25413C142}.Debug|Any CPU.ActiveCfg = Debug|Any CPU
		{9215030A-8BA7-4EF6-B6EC-2EB25413C142}.Debug|Any CPU.Build.0 = Debug|Any CPU
		{9215030A-8BA7-4EF6-B6EC-2EB25413C142}.Release|Any CPU.ActiveCfg = Release|Any CPU
		{9215030A-8BA7-4EF6-B6EC-2EB25413C142}.Release|Any CPU.Build.0 = Release|Any CPU
		{8E536B4D-3E36-41D7-85AF-B8CFF0658F98}.Debug|Any CPU.ActiveCfg = Debug|Any CPU
		{8E536B4D-3E36-41D7-85AF-B8CFF0658F98}.Debug|Any CPU.Build.0 = Debug|Any CPU
		{8E536B4D-3E36-41D7-85AF-B8CFF0658F98}.Release|Any CPU.ActiveCfg = Release|Any CPU
		{8E536B4D-3E36-41D7-85AF-B8CFF0658F98}.Release|Any CPU.Build.0 = Release|Any CPU
		{7B59B46D-6459-418F-8AD4-B072B1BC7A15}.Debug|Any CPU.ActiveCfg = Debug|Any CPU
		{7B59B46D-6459-418F-8AD4-B072B1BC7A15}.Debug|Any CPU.Build.0 = Debug|Any CPU
		{7B59B46D-6459-418F-8AD4-B072B1BC7A15}.Release|Any CPU.ActiveCfg = Release|Any CPU
		{7B59B46D-6459-418F-8AD4-B072B1BC7A15}.Release|Any CPU.Build.0 = Release|Any CPU
		{6D8B37D3-7973-41C9-A3DC-3745268EC47D}.Debug|Any CPU.ActiveCfg = Debug|Any CPU
		{6D8B37D3-7973-41C9-A3DC-3745268EC47D}.Debug|Any CPU.Build.0 = Debug|Any CPU
		{6D8B37D3-7973-41C9-A3DC-3745268EC47D}.Release|Any CPU.ActiveCfg = Release|Any CPU
		{6D8B37D3-7973-41C9-A3DC-3745268EC47D}.Release|Any CPU.Build.0 = Release|Any CPU
		{C51ECF1B-4AD2-4BE4-BEE3-5F5D2C37D424}.Debug|Any CPU.ActiveCfg = Debug|Any CPU
		{C51ECF1B-4AD2-4BE4-BEE3-5F5D2C37D424}.Debug|Any CPU.Build.0 = Debug|Any CPU
		{C51ECF1B-4AD2-4BE4-BEE3-5F5D2C37D424}.Release|Any CPU.ActiveCfg = Release|Any CPU
		{C51ECF1B-4AD2-4BE4-BEE3-5F5D2C37D424}.Release|Any CPU.Build.0 = Release|Any CPU
		{9CD22E73-3E99-4550-98AE-074734A8AE65}.Debug|Any CPU.ActiveCfg = Debug|Any CPU
		{9CD22E73-3E99-4550-98AE-074734A8AE65}.Debug|Any CPU.Build.0 = Debug|Any CPU
		{9CD22E73-3E99-4550-98AE-074734A8AE65}.Release|Any CPU.ActiveCfg = Release|Any CPU
		{9CD22E73-3E99-4550-98AE-074734A8AE65}.Release|Any CPU.Build.0 = Release|Any CPU
		{7B410056-A088-4512-94C6-F06DD0173641}.Debug|Any CPU.ActiveCfg = Debug|Any CPU
		{7B410056-A088-4512-94C6-F06DD0173641}.Debug|Any CPU.Build.0 = Debug|Any CPU
		{7B410056-A088-4512-94C6-F06DD0173641}.Release|Any CPU.ActiveCfg = Release|Any CPU
		{7B410056-A088-4512-94C6-F06DD0173641}.Release|Any CPU.Build.0 = Release|Any CPU
		{A8B180EB-3FBF-46DE-9EA7-57C6C6EC8F54}.Debug|Any CPU.ActiveCfg = Debug|Any CPU
		{A8B180EB-3FBF-46DE-9EA7-57C6C6EC8F54}.Debug|Any CPU.Build.0 = Debug|Any CPU
		{A8B180EB-3FBF-46DE-9EA7-57C6C6EC8F54}.Release|Any CPU.ActiveCfg = Release|Any CPU
		{A8B180EB-3FBF-46DE-9EA7-57C6C6EC8F54}.Release|Any CPU.Build.0 = Release|Any CPU
		{F1E4E390-5B88-41BD-BA92-614E17B29E15}.Debug|Any CPU.ActiveCfg = Debug|Any CPU
		{F1E4E390-5B88-41BD-BA92-614E17B29E15}.Debug|Any CPU.Build.0 = Debug|Any CPU
		{F1E4E390-5B88-41BD-BA92-614E17B29E15}.Release|Any CPU.ActiveCfg = Release|Any CPU
		{F1E4E390-5B88-41BD-BA92-614E17B29E15}.Release|Any CPU.Build.0 = Release|Any CPU
		{4FC30BCE-C361-46D1-B548-F2002997EE9F}.Debug|Any CPU.ActiveCfg = Debug|Any CPU
		{4FC30BCE-C361-46D1-B548-F2002997EE9F}.Debug|Any CPU.Build.0 = Debug|Any CPU
		{4FC30BCE-C361-46D1-B548-F2002997EE9F}.Debug|Any CPU.Deploy.0 = Debug|Any CPU
		{4FC30BCE-C361-46D1-B548-F2002997EE9F}.Release|Any CPU.ActiveCfg = Release|Any CPU
		{4FC30BCE-C361-46D1-B548-F2002997EE9F}.Release|Any CPU.Build.0 = Release|Any CPU
		{4FC30BCE-C361-46D1-B548-F2002997EE9F}.Release|Any CPU.Deploy.0 = Release|Any CPU
		{C3DCCC6B-BDF2-40A6-A668-1BF640CE15A2}.Debug|Any CPU.ActiveCfg = Debug|Any CPU
		{C3DCCC6B-BDF2-40A6-A668-1BF640CE15A2}.Debug|Any CPU.Build.0 = Debug|Any CPU
		{C3DCCC6B-BDF2-40A6-A668-1BF640CE15A2}.Debug|Any CPU.Deploy.0 = Debug|Any CPU
		{C3DCCC6B-BDF2-40A6-A668-1BF640CE15A2}.Release|Any CPU.ActiveCfg = Release|Any CPU
		{C3DCCC6B-BDF2-40A6-A668-1BF640CE15A2}.Release|Any CPU.Build.0 = Release|Any CPU
		{C3DCCC6B-BDF2-40A6-A668-1BF640CE15A2}.Release|Any CPU.Deploy.0 = Release|Any CPU
	EndGlobalSection
	GlobalSection(SolutionProperties) = preSolution
		HideSolutionNode = FALSE
	EndGlobalSection
	GlobalSection(NestedProjects) = preSolution
		{7515EA2C-331F-4830-9DD7-5AC48FC555D1} = {71CA2008-153F-4996-8A06-AB37FE41285D}
		{8E7DA73D-0BC0-4BAC-A327-34F54DD3222D} = {71CA2008-153F-4996-8A06-AB37FE41285D}
		{5509000B-041A-4624-8B33-38F0DB96E830} = {71CA2008-153F-4996-8A06-AB37FE41285D}
		{585EFF4D-E1F4-432B-A0CA-44EB30918D7C} = {BF73597C-6932-45D3-AF89-5C061E74DB92}
		{704A64B1-E6F5-4ABB-921C-A8DF77DA5366} = {BF73597C-6932-45D3-AF89-5C061E74DB92}
		{9215030A-8BA7-4EF6-B6EC-2EB25413C142} = {71CA2008-153F-4996-8A06-AB37FE41285D}
		{8E536B4D-3E36-41D7-85AF-B8CFF0658F98} = {BF73597C-6932-45D3-AF89-5C061E74DB92}
		{AB26734C-86A3-421D-BEEA-795B9D4B505E} = {BF73597C-6932-45D3-AF89-5C061E74DB92}
		{21CECCAB-A79F-454B-A59B-1B7153D36B5D} = {BF73597C-6932-45D3-AF89-5C061E74DB92}
		{7B59B46D-6459-418F-8AD4-B072B1BC7A15} = {AB26734C-86A3-421D-BEEA-795B9D4B505E}
		{6D8B37D3-7973-41C9-A3DC-3745268EC47D} = {AB26734C-86A3-421D-BEEA-795B9D4B505E}
		{D4C0E00D-2BF6-4F0C-8EF7-2D41BE8F0BA7} = {A74E9942-938D-4A63-8CB5-EF2A78867BE9}
		{C51ECF1B-4AD2-4BE4-BEE3-5F5D2C37D424} = {D4C0E00D-2BF6-4F0C-8EF7-2D41BE8F0BA7}
		{9CD22E73-3E99-4550-98AE-074734A8AE65} = {21CECCAB-A79F-454B-A59B-1B7153D36B5D}
		{7B410056-A088-4512-94C6-F06DD0173641} = {21CECCAB-A79F-454B-A59B-1B7153D36B5D}
		{71CA2008-153F-4996-8A06-AB37FE41285D} = {A74E9942-938D-4A63-8CB5-EF2A78867BE9}
		{7C8473B4-9CAB-452E-BB71-396227876A72} = {A74E9942-938D-4A63-8CB5-EF2A78867BE9}
		{A8B180EB-3FBF-46DE-9EA7-57C6C6EC8F54} = {7C8473B4-9CAB-452E-BB71-396227876A72}
		{F1E4E390-5B88-41BD-BA92-614E17B29E15} = {21CECCAB-A79F-454B-A59B-1B7153D36B5D}
		{4FC30BCE-C361-46D1-B548-F2002997EE9F} = {7C8473B4-9CAB-452E-BB71-396227876A72}
		{C3DCCC6B-BDF2-40A6-A668-1BF640CE15A2} = {7C8473B4-9CAB-452E-BB71-396227876A72}
	EndGlobalSection
	GlobalSection(ExtensibilityGlobals) = postSolution
		SolutionGuid = {4E8DB415-6EBD-4121-A1E5-661B03908463}
	EndGlobalSection
EndGlobal
