
Microsoft Visual Studio Solution File, Format Version 12.00
# Visual Studio Version 17
VisualStudioVersion = 17.4.33213.308
MinimumVisualStudioVersion = 10.0.40219.1
Project("{2150E333-8FDC-42A3-9474-1A3956D46DE8}") = "Solution Items", "Solution Items", "{4A12DC78-13B3-4DDA-A928-068FF8858993}"
EndProject
Project("{9A19103F-16F7-4668-BE54-9A1E7A4F7556}") = "Business", "Libraries\Business\Business.csproj", "{7D6A0A66-2439-4760-847F-17D88EB6A5BC}"
EndProject
Project("{2150E333-8FDC-42A3-9474-1A3956D46DE8}") = "Libraries", "Libraries", "{498415A0-3396-4B33-A430-DB604B00A820}"
EndProject
Project("{9A19103F-16F7-4668-BE54-9A1E7A4F7556}") = "Model", "Libraries\Model\Model.csproj", "{A87574A8-2D2A-4D5C-A00B-0200CEC1AFBA}"
EndProject
Project("{2150E333-8FDC-42A3-9474-1A3956D46DE8}") = "Apps", "Apps", "{35DCBD2F-3A5B-487A-B265-22EA8A91A55C}"
EndProject
Project("{9A19103F-16F7-4668-BE54-9A1E7A4F7556}") = "BankingRestAPI", "Apps\REST\BankingRestAPI.csproj", "{C51B78B8-D7A1-419C-90FD-EEC44342F687}"
EndProject
Project("{2150E333-8FDC-42A3-9474-1A3956D46DE8}") = "Dependencies", "Dependencies", "{4E7BAE28-6E1F-4AC6-856A-C0DC5FFDEDD6}"
	ProjectSection(SolutionItems) = preProject
		Dependencies\Peasie.Contracts.dll = Dependencies\Peasie.Contracts.dll
		Dependencies\PeasieLib.dll = Dependencies\PeasieLib.dll
	EndProjectSection
EndProject
Global
	GlobalSection(SolutionConfigurationPlatforms) = preSolution
		Debug|Any CPU = Debug|Any CPU
		Release|Any CPU = Release|Any CPU
	EndGlobalSection
	GlobalSection(ProjectConfigurationPlatforms) = postSolution
		{7D6A0A66-2439-4760-847F-17D88EB6A5BC}.Debug|Any CPU.ActiveCfg = Debug|Any CPU
		{7D6A0A66-2439-4760-847F-17D88EB6A5BC}.Debug|Any CPU.Build.0 = Debug|Any CPU
		{7D6A0A66-2439-4760-847F-17D88EB6A5BC}.Release|Any CPU.ActiveCfg = Release|Any CPU
		{7D6A0A66-2439-4760-847F-17D88EB6A5BC}.Release|Any CPU.Build.0 = Release|Any CPU
		{A87574A8-2D2A-4D5C-A00B-0200CEC1AFBA}.Debug|Any CPU.ActiveCfg = Debug|Any CPU
		{A87574A8-2D2A-4D5C-A00B-0200CEC1AFBA}.Debug|Any CPU.Build.0 = Debug|Any CPU
		{A87574A8-2D2A-4D5C-A00B-0200CEC1AFBA}.Release|Any CPU.ActiveCfg = Release|Any CPU
		{A87574A8-2D2A-4D5C-A00B-0200CEC1AFBA}.Release|Any CPU.Build.0 = Release|Any CPU
		{C51B78B8-D7A1-419C-90FD-EEC44342F687}.Debug|Any CPU.ActiveCfg = Debug|Any CPU
		{C51B78B8-D7A1-419C-90FD-EEC44342F687}.Debug|Any CPU.Build.0 = Debug|Any CPU
		{C51B78B8-D7A1-419C-90FD-EEC44342F687}.Release|Any CPU.ActiveCfg = Release|Any CPU
		{C51B78B8-D7A1-419C-90FD-EEC44342F687}.Release|Any CPU.Build.0 = Release|Any CPU
	EndGlobalSection
	GlobalSection(SolutionProperties) = preSolution
		HideSolutionNode = FALSE
	EndGlobalSection
	GlobalSection(NestedProjects) = preSolution
		{7D6A0A66-2439-4760-847F-17D88EB6A5BC} = {498415A0-3396-4B33-A430-DB604B00A820}
		{A87574A8-2D2A-4D5C-A00B-0200CEC1AFBA} = {498415A0-3396-4B33-A430-DB604B00A820}
		{C51B78B8-D7A1-419C-90FD-EEC44342F687} = {35DCBD2F-3A5B-487A-B265-22EA8A91A55C}
	EndGlobalSection
	GlobalSection(ExtensibilityGlobals) = postSolution
		SolutionGuid = {0A11A289-2670-4CDE-8554-FEB887727494}
	EndGlobalSection
EndGlobal
